{
  "version": 4,
  "terraform_version": "1.14.1",
  "serial": 1,
  "lineage": "19c3c8a6-60aa-3abc-368c-404bfdaf0e5a",
  "outputs": {
    "webapp_file_path": {
      "value": "./index.js",
      "type": "string"
    }
  },
  "resources": [
    {
      "mode": "managed",
      "type": "local_file",
      "name": "webapp_app",
      "provider": "provider[\"registry.terraform.io/hashicorp/local\"]",
      "instances": [
        {
          "schema_version": 0,
          "attributes": {
            "content": "// index.js - sample webapp file\nconsole.log(\"Hello from the local Terraform-created webapp!\");\n",
            "content_base64": null,
            "content_base64sha256": "Inzw6nY3c+NfsmkRLdIktBoEleqx8XY2Ay64q9lXMu4=",
            "content_base64sha512": "DF4lkWgNGcZywTwEYPR4nVdsytF57r1OQ221+lrnPNbwQMUVjkhxBeib35sveWdQ9l9U71+QohVmxFLGvmXIMw==",
            "content_md5": "cf7be962ef5ff9f9e354b7c9c1acd76f",
            "content_sha1": "d3ad7b09017e6dbfdc361a402111f207ccedb82c",
            "content_sha256": "227cf0ea763773e35fb269112dd224b41a0495eab1f17636032eb8abd95732ee",
            "content_sha512": "0c5e2591680d19c672c13c0460f4789d576ccad179eebd4e436db5fa5ae73cd6f040c5158e487105e89bdf9b2f796750f65f54ef5f90a21566c452c6be65c833",
            "directory_permission": "0777",
            "file_permission": "0777",
            "filename": "./index.js",
            "id": "d3ad7b09017e6dbfdc361a402111f207ccedb82c",
            "sensitive_content": null,
            "source": null
          },
          "sensitive_attributes": [
            [
              {
                "type": "get_attr",
                "value": "sensitive_content"
              }
            ]
          ],
          "identity_schema_version": 0
        }
      ]
    }
  ],
  "check_results": null
}
